# This file is automatically @generated by Cargo (in real projects).
# For ph0b0s integration tests we hand-author this so we can ship the
# fixture without touching the network or running cargo. The cargo-audit
# detector only checks for the file's existence; the audit subprocess is
# faked.
version = 4

[[package]]
name = "sample-vulnerable"
version = "0.1.0"
